
Microsoft Visual Studio Solution File, Format Version 12.00
# Visual Studio Version 17
VisualStudioVersion = 17.0.31611.283
MinimumVisualStudioVersion = 10.0.40219.1
Project("{9A19103F-16F7-4668-BE54-9A1E7A4F7556}") = "Entities", "Entities\Entities.csproj", "{074B8EF0-C0EC-4A64-A2DD-6E4A2ACD82A6}"
EndProject
Project("{9A19103F-16F7-4668-BE54-9A1E7A4F7556}") = "DAL", "DAL\DAL.csproj", "{AE934E0C-14F2-4263-AC8E-C1E53F07CAB0}"
EndProject
Project("{9A19103F-16F7-4668-BE54-9A1E7A4F7556}") = "BL", "BL\BL.csproj", "{B2749DF7-B389-491C-AF8F-14A1EF5E5B7C}"
EndProject
Project("{FAE04EC0-301F-11D3-BF4B-00C04F79EFBC}") = "UI", "UI\UI.csproj", "{EF0E0F07-F007-469D-AEE7-D7E06EEC8887}"
EndProject
Global
	GlobalSection(SolutionConfigurationPlatforms) = preSolution
		Debug|Any CPU = Debug|Any CPU
		Release|Any CPU = Release|Any CPU
	EndGlobalSection
	GlobalSection(ProjectConfigurationPlatforms) = postSolution
		{074B8EF0-C0EC-4A64-A2DD-6E4A2ACD82A6}.Debug|Any CPU.ActiveCfg = Debug|Any CPU
		{074B8EF0-C0EC-4A64-A2DD-6E4A2ACD82A6}.Debug|Any CPU.Build.0 = Debug|Any CPU
		{074B8EF0-C0EC-4A64-A2DD-6E4A2ACD82A6}.Release|Any CPU.ActiveCfg = Release|Any CPU
		{074B8EF0-C0EC-4A64-A2DD-6E4A2ACD82A6}.Release|Any CPU.Build.0 = Release|Any CPU
		{AE934E0C-14F2-4263-AC8E-C1E53F07CAB0}.Debug|Any CPU.ActiveCfg = Debug|Any CPU
		{AE934E0C-14F2-4263-AC8E-C1E53F07CAB0}.Debug|Any CPU.Build.0 = Debug|Any CPU
		{AE934E0C-14F2-4263-AC8E-C1E53F07CAB0}.Release|Any CPU.ActiveCfg = Release|Any CPU
		{AE934E0C-14F2-4263-AC8E-C1E53F07CAB0}.Release|Any CPU.Build.0 = Release|Any CPU
		{B2749DF7-B389-491C-AF8F-14A1EF5E5B7C}.Debug|Any CPU.ActiveCfg = Debug|Any CPU
		{B2749DF7-B389-491C-AF8F-14A1EF5E5B7C}.Debug|Any CPU.Build.0 = Debug|Any CPU
		{B2749DF7-B389-491C-AF8F-14A1EF5E5B7C}.Release|Any CPU.ActiveCfg = Release|Any CPU
		{B2749DF7-B389-491C-AF8F-14A1EF5E5B7C}.Release|Any CPU.Build.0 = Release|Any CPU
		{EF0E0F07-F007-469D-AEE7-D7E06EEC8887}.Debug|Any CPU.ActiveCfg = Debug|Any CPU
		{EF0E0F07-F007-469D-AEE7-D7E06EEC8887}.Debug|Any CPU.Build.0 = Debug|Any CPU
		{EF0E0F07-F007-469D-AEE7-D7E06EEC8887}.Debug|Any CPU.Deploy.0 = Debug|Any CPU
		{EF0E0F07-F007-469D-AEE7-D7E06EEC8887}.Release|Any CPU.ActiveCfg = Release|Any CPU
		{EF0E0F07-F007-469D-AEE7-D7E06EEC8887}.Release|Any CPU.Build.0 = Release|Any CPU
		{EF0E0F07-F007-469D-AEE7-D7E06EEC8887}.Release|Any CPU.Deploy.0 = Release|Any CPU
	EndGlobalSection
	GlobalSection(SolutionProperties) = preSolution
		HideSolutionNode = FALSE
	EndGlobalSection
	GlobalSection(ExtensibilityGlobals) = postSolution
		SolutionGuid = {61F7FB11-1E47-470C-91E2-47F8143E1572}
	EndGlobalSection
EndGlobal
